dependencies:
  espressif/esp-zboss-lib:
    component_hash: fad683f7e04366398b61c0eea6e6517d4fe7ec4112407e26743dc80bafc0dcdc
    dependencies:
    - name: idf
      require: private
      version: '>=5.0'
    source:
      registry_url: https://components.espressif.com/
      type: service
    version: 1.6.0
  espressif/esp-zigbee-lib:
    component_hash: 0026979f590d7f2b07f433bb0fd031a12b0c2cc0eec8584b59cb6e567d5afd82
    dependencies:
    - name: idf
      require: private
      version: '>=5.0'
    source:
      registry_url: https://components.espressif.com/
      type: service
    version: 1.6.0
  idf:
    source:
      type: idf
    version: 5.4.0
direct_dependencies:
- espressif/esp-zboss-lib
- espressif/esp-zigbee-lib
- idf
manifest_hash: c332a925d4a8c8bc68697e189c0cfc644339c2ef74a3532b901dcf0ed3528c30
target: esp32c6
version: 2.0.0
