dependencies:
  espressif/esp-zboss-lib:
    component_hash: 4c69fa0e9f8a0cd9072b1de305c0e9c51fe5a24bb25c07b7c4c25282925ae2fb
    dependencies:
    - name: idf
      require: private
      version: '>=5.0'
    source:
      registry_url: https://components.espressif.com/
      type: service
    version: 1.6.2
  espressif/esp-zigbee-lib:
    component_hash: 58a2c6d968b77df81137dc4f75b6223f3c8e944abc49a851cd7716174942ed75
    dependencies:
    - name: idf
      require: private
      version: '>=5.0'
    source:
      registry_url: https://components.espressif.com/
      type: service
    version: 1.6.2
  idf:
    source:
      type: idf
    version: 5.3.1
direct_dependencies:
- espressif/esp-zboss-lib
- espressif/esp-zigbee-lib
- idf
manifest_hash: d0a8190549b87bac77b59e942b7f581370dbcb0cee01d1aba35872f77ec2aca9
target: esp32c6
version: 2.0.0
